{
  "version": 4,
  "terraform_version": "1.2.3",
  "serial": 33,
  "lineage": "1d58e547-23cc-420e-3d24-2acdba888727",
  "outputs": {
    "virtual_network_id": {
      "value": "/subscriptions/765266c6-9a23-4638-af32-dd1e32613047/resourceGroups/devops-TP2/providers/Microsoft.Network/virtualNetworks/example-network",
      "type": "string"
    }
  },
  "resources": [
    {
      "mode": "data",
      "type": "azurerm_resource_group",
      "name": "tp4",
      "provider": "provider[\"registry.terraform.io/hashicorp/azurerm\"]",
      "instances": [
        {
          "schema_version": 0,
          "attributes": {
            "id": "/subscriptions/765266c6-9a23-4638-af32-dd1e32613047/resourceGroups/devops-TP2",
            "location": "francecentral",
            "name": "devops-TP2",
            "tags": {
              "billing": "devops"
            },
            "timeouts": null
          },
          "sensitive_attributes": []
        }
      ]
    },
    {
      "mode": "data",
      "type": "azurerm_subnet",
      "name": "tp4",
      "provider": "provider[\"registry.terraform.io/hashicorp/azurerm\"]",
      "instances": [
        {
          "schema_version": 0,
          "attributes": {
            "address_prefix": "10.3.1.0/24",
            "address_prefixes": [
              "10.3.1.0/24"
            ],
            "enforce_private_link_endpoint_network_policies": false,
            "enforce_private_link_service_network_policies": false,
            "id": "/subscriptions/765266c6-9a23-4638-af32-dd1e32613047/resourceGroups/devops-TP2/providers/Microsoft.Network/virtualNetworks/example-network/subnets/internal",
            "name": "internal",
            "network_security_group_id": "",
            "resource_group_name": "devops-TP2",
            "route_table_id": "",
            "service_endpoints": [],
            "timeouts": null,
            "virtual_network_name": "example-network"
          },
          "sensitive_attributes": []
        }
      ]
    },
    {
      "mode": "data",
      "type": "azurerm_virtual_network",
      "name": "tp4",
      "provider": "provider[\"registry.terraform.io/hashicorp/azurerm\"]",
      "instances": [
        {
          "schema_version": 0,
          "attributes": {
            "address_space": [
              "10.3.0.0/16"
            ],
            "dns_servers": [],
            "guid": "1dbb2c31-815e-40ec-a062-cbac4983cf93",
            "id": "/subscriptions/765266c6-9a23-4638-af32-dd1e32613047/resourceGroups/devops-TP2/providers/Microsoft.Network/virtualNetworks/example-network",
            "location": "francecentral",
            "name": "example-network",
            "resource_group_name": "devops-TP2",
            "subnets": [
              "internal"
            ],
            "tags": {},
            "timeouts": null,
            "vnet_peerings": {},
            "vnet_peerings_addresses": []
          },
          "sensitive_attributes": []
        }
      ]
    },
    {
      "mode": "managed",
      "type": "azurerm_linux_virtual_machine",
      "name": "mynewterraformvm",
      "provider": "provider[\"registry.terraform.io/hashicorp/azurerm\"]",
      "instances": [
        {
          "schema_version": 0,
          "attributes": {
            "additional_capabilities": [],
            "admin_password": null,
            "admin_ssh_key": [
              {
                "public_key": "ssh-rsa AAAAB3NzaC1yc2EAAAADAQABAAACAQDPw2YM/8fCOTvKh6AXAp2qpUpkEeg0oOYPvrRAhhOmt/VBqf//1Cch//ktnn8tzqs4w3NLT0fzqyG6ZJ5B1696/nUeVPe5ONwtB+Zq6emkh7sabt13cx7WoVjTfrOg2vRNIsnSqy5QAltqmiugjVLbCCVy/UQRhcyrQvwhvw9eKWksXpt2O0pm6gPTocknR37BXxWoE/D9urbKQWFiN/5LXB5RlC5sIgEF8z9oC5IcIV888YQ2RmExLDbeySsp9LEcJMWhRPhG9rBYf6lxFSQ4jqLG8P54mnQ4VT4R2JfQf/09/NJvks/LzZWGj4vst1VpKzxrFVQcSJZso3bJCDbWjxHB8V1IIVmfErNwk9cWk3cV5Cs29aliAbFOj//NcnSihlZZ/WaGJD0Xz1sxQ3hUnpeqKFchZhwkAxO4YJt7VC/jqwFfc8EErk/GSHdjZOmoLPZPbgZhssS61BnvDgLEFVFCoDWoKoRvii118MgaAa/dnPJfwvahg3D2TBn3dIlxQzwSzfTDtFXt6qTynJok13kptYHW9W9fLlvOjKCjDobIYNxzZ6Bamf4An20eEL5PN2t/cn6vAiu+zrMGFCWyqYYnFFBkbjXf9dkob5qW5+u8i7XVZ2GX6UGBkCoVMtxVGQweF4LY8F1iDPITgYkgsXK24p1aGw/W/qsXuGFuWw==\n",
                "username": "devops"
              }
            ],
            "admin_username": "devops",
            "allow_extension_operations": true,
            "availability_set_id": "",
            "boot_diagnostics": [],
            "computer_name": "mynewvm",
            "custom_data": null,
            "dedicated_host_group_id": "",
            "dedicated_host_id": "",
            "disable_password_authentication": true,
            "edge_zone": "",
            "encryption_at_host_enabled": false,
            "eviction_policy": "",
            "extensions_time_budget": "PT1H30M",
            "id": "/subscriptions/765266c6-9a23-4638-af32-dd1e32613047/resourceGroups/devops-TP2/providers/Microsoft.Compute/virtualMachines/mynewVM",
            "identity": [],
            "license_type": "",
            "location": "francecentral",
            "max_bid_price": -1,
            "name": "mynewVM",
            "network_interface_ids": [
              "/subscriptions/765266c6-9a23-4638-af32-dd1e32613047/resourceGroups/devops-TP2/providers/Microsoft.Network/networkInterfaces/mynewNIC"
            ],
            "os_disk": [
              {
                "caching": "ReadWrite",
                "diff_disk_settings": [],
                "disk_encryption_set_id": "",
                "disk_size_gb": 30,
                "name": "mynewOsDisk",
                "storage_account_type": "Standard_LRS",
                "write_accelerator_enabled": false
              }
            ],
            "patch_mode": "ImageDefault",
            "plan": [],
            "platform_fault_domain": -1,
            "priority": "Regular",
            "private_ip_address": "10.3.1.9",
            "private_ip_addresses": [
              "10.3.1.9"
            ],
            "provision_vm_agent": true,
            "proximity_placement_group_id": "",
            "public_ip_address": "20.216.135.115",
            "public_ip_addresses": [
              "20.216.135.115"
            ],
            "resource_group_name": "devops-TP2",
            "secret": [],
            "secure_boot_enabled": false,
            "size": "Standard_D2s_v3",
            "source_image_id": "",
            "source_image_reference": [
              {
                "offer": "UbuntuServer",
                "publisher": "Canonical",
                "sku": "16.04-LTS",
                "version": "latest"
              }
            ],
            "tags": null,
            "termination_notification": null,
            "timeouts": null,
            "user_data": "",
            "virtual_machine_id": "ad2f1ead-0639-4b84-ba7f-1ab84fb323d0",
            "virtual_machine_scale_set_id": "",
            "vtpm_enabled": false,
            "zone": ""
          },
          "sensitive_attributes": [],
          "private": "eyJlMmJmYjczMC1lY2FhLTExZTYtOGY4OC0zNDM2M2JjN2M0YzAiOnsiY3JlYXRlIjoyNzAwMDAwMDAwMDAwLCJkZWxldGUiOjI3MDAwMDAwMDAwMDAsInJlYWQiOjMwMDAwMDAwMDAwMCwidXBkYXRlIjoyNzAwMDAwMDAwMDAwfX0=",
          "dependencies": [
            "azurerm_network_interface.mynewterraformnic",
            "data.azurerm_resource_group.tp4",
            "tls_private_key.example_ssh"
          ]
        }
      ]
    },
    {
      "mode": "managed",
      "type": "azurerm_network_interface",
      "name": "mynewterraformnic",
      "provider": "provider[\"registry.terraform.io/hashicorp/azurerm\"]",
      "instances": [
        {
          "schema_version": 0,
          "attributes": {
            "applied_dns_servers": [],
            "dns_servers": [],
            "edge_zone": "",
            "enable_accelerated_networking": false,
            "enable_ip_forwarding": false,
            "id": "/subscriptions/765266c6-9a23-4638-af32-dd1e32613047/resourceGroups/devops-TP2/providers/Microsoft.Network/networkInterfaces/mynewNIC",
            "internal_dns_name_label": "",
            "internal_domain_name_suffix": "gewlwhk4qhwebidczoweta4psd.parx.internal.cloudapp.net",
            "ip_configuration": [
              {
                "gateway_load_balancer_frontend_ip_configuration_id": "",
                "name": "mynewNicConfiguration",
                "primary": true,
                "private_ip_address": "10.3.1.9",
                "private_ip_address_allocation": "Dynamic",
                "private_ip_address_version": "IPv4",
                "public_ip_address_id": "/subscriptions/765266c6-9a23-4638-af32-dd1e32613047/resourceGroups/devops-TP2/providers/Microsoft.Network/publicIPAddresses/mynewPublicIP",
                "subnet_id": "/subscriptions/765266c6-9a23-4638-af32-dd1e32613047/resourceGroups/devops-TP2/providers/Microsoft.Network/virtualNetworks/example-network/subnets/internal"
              }
            ],
            "location": "francecentral",
            "mac_address": "",
            "name": "mynewNIC",
            "private_ip_address": "10.3.1.9",
            "private_ip_addresses": [
              "10.3.1.9"
            ],
            "resource_group_name": "devops-TP2",
            "tags": {},
            "timeouts": null,
            "virtual_machine_id": ""
          },
          "sensitive_attributes": [],
          "private": "eyJlMmJmYjczMC1lY2FhLTExZTYtOGY4OC0zNDM2M2JjN2M0YzAiOnsiY3JlYXRlIjoxODAwMDAwMDAwMDAwLCJkZWxldGUiOjE4MDAwMDAwMDAwMDAsInJlYWQiOjMwMDAwMDAwMDAwMCwidXBkYXRlIjoxODAwMDAwMDAwMDAwfX0=",
          "dependencies": [
            "azurerm_public_ip.mynewterraformpublicip",
            "data.azurerm_resource_group.tp4",
            "data.azurerm_subnet.tp4"
          ]
        }
      ]
    },
    {
      "mode": "managed",
      "type": "azurerm_network_interface_security_group_association",
      "name": "example",
      "provider": "provider[\"registry.terraform.io/hashicorp/azurerm\"]",
      "instances": [
        {
          "schema_version": 0,
          "attributes": {
            "id": "/subscriptions/765266c6-9a23-4638-af32-dd1e32613047/resourceGroups/devops-TP2/providers/Microsoft.Network/networkInterfaces/mynewNIC|/subscriptions/765266c6-9a23-4638-af32-dd1e32613047/resourceGroups/devops-TP2/providers/Microsoft.Network/networkSecurityGroups/mynewNetworkSecurityGroup",
            "network_interface_id": "/subscriptions/765266c6-9a23-4638-af32-dd1e32613047/resourceGroups/devops-TP2/providers/Microsoft.Network/networkInterfaces/mynewNIC",
            "network_security_group_id": "/subscriptions/765266c6-9a23-4638-af32-dd1e32613047/resourceGroups/devops-TP2/providers/Microsoft.Network/networkSecurityGroups/mynewNetworkSecurityGroup",
            "timeouts": null
          },
          "sensitive_attributes": [],
          "private": "eyJlMmJmYjczMC1lY2FhLTExZTYtOGY4OC0zNDM2M2JjN2M0YzAiOnsiY3JlYXRlIjoxODAwMDAwMDAwMDAwLCJkZWxldGUiOjE4MDAwMDAwMDAwMDAsInJlYWQiOjMwMDAwMDAwMDAwMCwidXBkYXRlIjoxODAwMDAwMDAwMDAwfX0=",
          "dependencies": [
            "azurerm_network_interface.mynewterraformnic",
            "azurerm_network_security_group.mynewterraformnsg",
            "azurerm_public_ip.mynewterraformpublicip",
            "data.azurerm_resource_group.tp4",
            "data.azurerm_subnet.tp4"
          ]
        }
      ]
    },
    {
      "mode": "managed",
      "type": "azurerm_network_security_group",
      "name": "mynewterraformnsg",
      "provider": "provider[\"registry.terraform.io/hashicorp/azurerm\"]",
      "instances": [
        {
          "schema_version": 0,
          "attributes": {
            "id": "/subscriptions/765266c6-9a23-4638-af32-dd1e32613047/resourceGroups/devops-TP2/providers/Microsoft.Network/networkSecurityGroups/mynewNetworkSecurityGroup",
            "location": "francecentral",
            "name": "mynewNetworkSecurityGroup",
            "resource_group_name": "devops-TP2",
            "security_rule": [
              {
                "access": "Allow",
                "description": "",
                "destination_address_prefix": "*",
                "destination_address_prefixes": [],
                "destination_application_security_group_ids": [],
                "destination_port_range": "22",
                "destination_port_ranges": [],
                "direction": "Inbound",
                "name": "SSH",
                "priority": 1001,
                "protocol": "Tcp",
                "source_address_prefix": "*",
                "source_address_prefixes": [],
                "source_application_security_group_ids": [],
                "source_port_range": "*",
                "source_port_ranges": []
              }
            ],
            "tags": {},
            "timeouts": null
          },
          "sensitive_attributes": [],
          "private": "eyJlMmJmYjczMC1lY2FhLTExZTYtOGY4OC0zNDM2M2JjN2M0YzAiOnsiY3JlYXRlIjoxODAwMDAwMDAwMDAwLCJkZWxldGUiOjE4MDAwMDAwMDAwMDAsInJlYWQiOjMwMDAwMDAwMDAwMCwidXBkYXRlIjoxODAwMDAwMDAwMDAwfX0="
        }
      ]
    },
    {
      "mode": "managed",
      "type": "azurerm_public_ip",
      "name": "mynewterraformpublicip",
      "provider": "provider[\"registry.terraform.io/hashicorp/azurerm\"]",
      "instances": [
        {
          "schema_version": 0,
          "attributes": {
            "allocation_method": "Dynamic",
            "domain_name_label": null,
            "edge_zone": "",
            "fqdn": null,
            "id": "/subscriptions/765266c6-9a23-4638-af32-dd1e32613047/resourceGroups/devops-TP2/providers/Microsoft.Network/publicIPAddresses/mynewPublicIP",
            "idle_timeout_in_minutes": 4,
            "ip_address": "",
            "ip_tags": {},
            "ip_version": "IPv4",
            "location": "francecentral",
            "name": "mynewPublicIP",
            "public_ip_prefix_id": null,
            "resource_group_name": "devops-TP2",
            "reverse_fqdn": null,
            "sku": "Basic",
            "sku_tier": "Regional",
            "tags": {},
            "timeouts": null,
            "zones": []
          },
          "sensitive_attributes": [],
          "private": "eyJlMmJmYjczMC1lY2FhLTExZTYtOGY4OC0zNDM2M2JjN2M0YzAiOnsiY3JlYXRlIjoxODAwMDAwMDAwMDAwLCJkZWxldGUiOjE4MDAwMDAwMDAwMDAsInJlYWQiOjMwMDAwMDAwMDAwMCwidXBkYXRlIjoxODAwMDAwMDAwMDAwfX0="
        }
      ]
    },
    {
      "mode": "managed",
      "type": "random_id",
      "name": "randomId",
      "provider": "provider[\"registry.terraform.io/hashicorp/random\"]",
      "instances": [
        {
          "schema_version": 0,
          "attributes": {
            "b64_std": "ZFn87HTHeI4=",
            "b64_url": "ZFn87HTHeI4",
            "byte_length": 8,
            "dec": "7231088769221752974",
            "hex": "6459fcec74c7788e",
            "id": "ZFn87HTHeI4",
            "keepers": {
              "resource_group": "devops-TP2"
            },
            "prefix": null
          },
          "sensitive_attributes": [],
          "private": "bnVsbA==",
          "dependencies": [
            "data.azurerm_resource_group.tp4"
          ]
        }
      ]
    },
    {
      "mode": "managed",
      "type": "tls_private_key",
      "name": "example_ssh",
      "provider": "provider[\"registry.terraform.io/hashicorp/tls\"]",
      "instances": [
        {
          "schema_version": 0,
          "attributes": {
            "algorithm": "RSA",
            "ecdsa_curve": "P224",
            "id": "82c0224ae527255b803c3b77553dd98ecdf0947c",
            "private_key_openssh": "-----BEGIN OPENSSH PRIVATE KEY-----\nb3BlbnNzaC1rZXktdjEAAAAABG5vbmUAAAAEbm9uZQAAAAAAAAABAAACFwAAAAdz\nc2gtcnNhAAAAAwEAAQAAAgEAz8NmDP/Hwjk7yoegFwKdqqVKZBHoNKDmD760QIYT\nprf1Qan//9QnIf/5LZ5/Lc6rOMNzS09H86shumSeQdevev51HlT3uTjcLQfmaunp\npIe7Gm7dd3Me1qFY036zoNr0TSLJ0qsuUAJbaporoI1S2wglcv1EEYXMq0L8Ib8P\nXilpLF6bdjtKZuoD06HJJ0d+wV8VqBPw/bq2ykFhYjf+S1weUZQubCIBBfM/aAuS\nHCFfPPGENkZhMSw23skrKfSxHCTFoUT4RvawWH+pcRUkOI6ixvD+eJp0OFU+EdiX\n0H/9PfzSb5LPy82Vho+L7LdVaSs8axVUHEiWbKN2yQg21o8RwfFdSCFZnxKzcJPX\nFpN3FeQrNvWpYgGxTo//zXJ0ooZWWf1mhiQ9F89bMUN4VJ6XqihXIWYcJAMTuGCb\ne1Qv46sBX3PBBK5Pxkh3Y2TpqCz2T24GYbLEutQZ7w4CxBVRQqA1qCqEb4otdfDI\nGgGv3ZzyX8L2oYNw9kwZ93SJcUM8Es30w7RV7eqk8pyaJNd5KbWB1vVvXy5bzoyg\now6GyGDcc2egWpn+AJ9tHhC+Tzdrf3J+rwIrvs6zBhQlsqmGJxRQZG413/XZKG+a\nlufrvIu11Wdhl+lBgZAqFTLcVRkMHheC2PBdYgzyE4GJILFytuKdWhsP1v6rF7hh\nblsAAAc4Pyyabz8smm8AAAAHc3NoLXJzYQAAAgEAz8NmDP/Hwjk7yoegFwKdqqVK\nZBHoNKDmD760QIYTprf1Qan//9QnIf/5LZ5/Lc6rOMNzS09H86shumSeQdevev51\nHlT3uTjcLQfmaunppIe7Gm7dd3Me1qFY036zoNr0TSLJ0qsuUAJbaporoI1S2wgl\ncv1EEYXMq0L8Ib8PXilpLF6bdjtKZuoD06HJJ0d+wV8VqBPw/bq2ykFhYjf+S1we\nUZQubCIBBfM/aAuSHCFfPPGENkZhMSw23skrKfSxHCTFoUT4RvawWH+pcRUkOI6i\nxvD+eJp0OFU+EdiX0H/9PfzSb5LPy82Vho+L7LdVaSs8axVUHEiWbKN2yQg21o8R\nwfFdSCFZnxKzcJPXFpN3FeQrNvWpYgGxTo//zXJ0ooZWWf1mhiQ9F89bMUN4VJ6X\nqihXIWYcJAMTuGCbe1Qv46sBX3PBBK5Pxkh3Y2TpqCz2T24GYbLEutQZ7w4CxBVR\nQqA1qCqEb4otdfDIGgGv3ZzyX8L2oYNw9kwZ93SJcUM8Es30w7RV7eqk8pyaJNd5\nKbWB1vVvXy5bzoygow6GyGDcc2egWpn+AJ9tHhC+Tzdrf3J+rwIrvs6zBhQlsqmG\nJxRQZG413/XZKG+alufrvIu11Wdhl+lBgZAqFTLcVRkMHheC2PBdYgzyE4GJILFy\ntuKdWhsP1v6rF7hhblsAAAADAQABAAACAG9VRydqHXJ/1wGFwgzykuix4HZVfjhN\njFsdl1wIPRmW9G82mP9PgZTfpXiDuaUjXW9ylSLjHix+JPnMF14zJU7kcoBJieIQ\njTP4Sso6BMDtFx9oD3eGEh1zorTa7YkiK831+W7R2mR3juNGMGC9uouzBtZiz4oQ\nSAfyQkgXKTYNPNXQ8L/fr9QMTPaoeLF6x3r56BIEdZyR5IfnlzbZyIQ7neebX3EE\nm8XDftPTd31piK6QwYeQGV8PUWv7Iw09mXb6YYk0+1KTuRYDexok+R7xmFrBI6wf\nIG5bh4JqrZfGLj98bovpgT62MQ1FePblm3ha+epsKIFriGg5BFtf8nn6M/6CqYVg\nEmsTyxf6dliLQ6E/UAN15QdTGKEYu/hJSnCTlEjPxWLhmHuD3r0j2asw3vVkY4iT\nCqutpaM/ZLi0B1QziBzmtuOwUgqN8fYBa/pbFle+/e8yIHrOyjRo8HA/0rYCsOND\nOUhoFCdsXYaDK3a4X4MjSiPplgiteUIki4AiQzlckeLFxPeUYzkdrlW5CpfaRYjm\nGQqS2050IkNm32wmmT9Bf5yKpQTYwe9gRtpV4jIFy6Dtc5lsVm1Ik+cNGtIHNgvu\nG9nMb8ymIBNM2m3YnuNE20gG3LsT/G0vgOIV+vMGQd5DcHl39bNN6/CGawX0HOcU\nfQ41UK586SfZAAABADSG8uWX82syHqkvkeAad8NRwcP9YU2ALqAZG10sVsAbmcfp\nDM+MQ0/fWmco7Q+LIzC9kG415TU6sIfdX5AKr45Qm0yccP6KgYoDjGRHkKehSGS9\nnmSBoCEGTwX0dbu0tTWZohK7mGzQbmxvqsk230+2Y2D+aLGyrTdsQtxMmSnxmad0\nObTb6nrmVqFV2OVuwJkBSsl3QU8HHaVLnkADgoMAPEy5slxmQtj5jrTDGzLRS2qQ\nJovz79wAC47YxGUbaOLCALS/yLw3SvRdGtk7twumL6DC9FvwsdvR79xGqaR6p2EI\noax3PKk4QBAzka1RUrtd8mm8yJhnG4Mr7gslIPYAAAEBAN/3GRWRNtG5D15AE0BA\nBAME3SQedxWWy9VIIdVohtIqrz2e4hIlqaXrm4SZpsz/r1PVIW5eY3OntHLQT0YK\nttTcaE7ro/yt1dDe7X64iGcAZ9cnuyjWQTnXOTNbPVWkkFVEifNUIk1sTmkOL00a\n2U8sZ9eU73sHjR9zblIHeTdpRotwTCrSePXKbCRoRsF71f5dlez2+qLyXKKNzHut\nZsbNlE+5AOEXyvflsJAnqaHm6iawL20vFXYZpyJUCXj6MoJjtq6NDiVJVempfS15\n6GIOzPIk1nEhn4ib7+I6cu9qtIUnnKD3qn8KWWzzhNxgE9xC0dBXwyvW09OZLWQr\nAHcAAAEBAO17CUPGPFnqB/kLKa0lhh7JeSkgRb9lwhs8szevgYuWs9QsUtY8fXmT\n1XCm/DJSt9UkiEAGr+OEUHqRRT8Zx8PPjCm76Gu2Tfmd3/9bJmYhFyu/rGGpwhKo\njjFrZyXFGXDDF2KHXd9kzZbMv3HJrOXJvSpfuUlrP18ZeEseDL4fjpBhCdrwyVYY\neAD8CfbO098XENuM9XHMEwOK/lDyXTaQs+cckS/gdwHjtyRiH5p/HU1Y6YuFPsj0\nvvBNkU38wXd81c8PMMlaHZ8YLnwF3E0ujSegSkWIpbxDUlQU/cTiDmUhVEu51nTG\nMaPMWjyEjU7ABwSAxYpqSqdXmrsGvj0AAAAAAQID\n-----END OPENSSH PRIVATE KEY-----\n",
            "private_key_pem": "-----BEGIN RSA PRIVATE KEY-----\nMIIJKAIBAAKCAgEAz8NmDP/Hwjk7yoegFwKdqqVKZBHoNKDmD760QIYTprf1Qan/\n/9QnIf/5LZ5/Lc6rOMNzS09H86shumSeQdevev51HlT3uTjcLQfmaunppIe7Gm7d\nd3Me1qFY036zoNr0TSLJ0qsuUAJbaporoI1S2wglcv1EEYXMq0L8Ib8PXilpLF6b\ndjtKZuoD06HJJ0d+wV8VqBPw/bq2ykFhYjf+S1weUZQubCIBBfM/aAuSHCFfPPGE\nNkZhMSw23skrKfSxHCTFoUT4RvawWH+pcRUkOI6ixvD+eJp0OFU+EdiX0H/9PfzS\nb5LPy82Vho+L7LdVaSs8axVUHEiWbKN2yQg21o8RwfFdSCFZnxKzcJPXFpN3FeQr\nNvWpYgGxTo//zXJ0ooZWWf1mhiQ9F89bMUN4VJ6XqihXIWYcJAMTuGCbe1Qv46sB\nX3PBBK5Pxkh3Y2TpqCz2T24GYbLEutQZ7w4CxBVRQqA1qCqEb4otdfDIGgGv3Zzy\nX8L2oYNw9kwZ93SJcUM8Es30w7RV7eqk8pyaJNd5KbWB1vVvXy5bzoygow6GyGDc\nc2egWpn+AJ9tHhC+Tzdrf3J+rwIrvs6zBhQlsqmGJxRQZG413/XZKG+alufrvIu1\n1Wdhl+lBgZAqFTLcVRkMHheC2PBdYgzyE4GJILFytuKdWhsP1v6rF7hhblsCAwEA\nAQKCAgBvVUcnah1yf9cBhcIM8pLoseB2VX44TYxbHZdcCD0ZlvRvNpj/T4GU36V4\ng7mlI11vcpUi4x4sfiT5zBdeMyVO5HKASYniEI0z+ErKOgTA7RcfaA93hhIdc6K0\n2u2JIivN9flu0dpkd47jRjBgvbqLswbWYs+KEEgH8kJIFyk2DTzV0PC/36/UDEz2\nqHixesd6+egSBHWckeSH55c22ciEO53nm19xBJvFw37T03d9aYiukMGHkBlfD1Fr\n+yMNPZl2+mGJNPtSk7kWA3saJPke8ZhawSOsHyBuW4eCaq2Xxi4/fG6L6YE+tjEN\nRXj25Zt4WvnqbCiBa4hoOQRbX/J5+jP+gqmFYBJrE8sX+nZYi0OhP1ADdeUHUxih\nGLv4SUpwk5RIz8Vi4Zh7g969I9mrMN71ZGOIkwqrraWjP2S4tAdUM4gc5rbjsFIK\njfH2AWv6WxZXvv3vMiB6zso0aPBwP9K2ArDjQzlIaBQnbF2Ggyt2uF+DI0oj6ZYI\nrXlCJIuAIkM5XJHixcT3lGM5Ha5VuQqX2kWI5hkKkttOdCJDZt9sJpk/QX+ciqUE\n2MHvYEbaVeIyBcug7XOZbFZtSJPnDRrSBzYL7hvZzG/MpiATTNpt2J7jRNtIBty7\nE/xtL4DiFfrzBkHeQ3B5d/WzTevwhmsF9BznFH0ONVCufOkn2QKCAQEA3/cZFZE2\n0bkPXkATQEAEAwTdJB53FZbL1Ugh1WiG0iqvPZ7iEiWppeubhJmmzP+vU9Uhbl5j\nc6e0ctBPRgq21NxoTuuj/K3V0N7tfriIZwBn1ye7KNZBOdc5M1s9VaSQVUSJ81Qi\nTWxOaQ4vTRrZTyxn15TveweNH3NuUgd5N2lGi3BMKtJ49cpsJGhGwXvV/l2V7Pb6\novJcoo3Me61mxs2UT7kA4RfK9+WwkCepoebqJrAvbS8VdhmnIlQJePoygmO2ro0O\nJUlV6al9LXnoYg7M8iTWcSGfiJvv4jpy72q0hSecoPeqfwpZbPOE3GAT3ELR0FfD\nK9bT05ktZCsAdwKCAQEA7XsJQ8Y8WeoH+QsprSWGHsl5KSBFv2XCGzyzN6+Bi5az\n1CxS1jx9eZPVcKb8MlK31SSIQAav44RQepFFPxnHw8+MKbvoa7ZN+Z3f/1smZiEX\nK7+sYanCEqiOMWtnJcUZcMMXYodd32TNlsy/ccms5cm9Kl+5SWs/Xxl4Sx4Mvh+O\nkGEJ2vDJVhh4APwJ9s7T3xcQ24z1ccwTA4r+UPJdNpCz5xyRL+B3AeO3JGIfmn8d\nTVjpi4U+yPS+8E2RTfzBd3zVzw8wyVodnxgufAXcTS6NJ6BKRYilvENSVBT9xOIO\nZSFUS7nWdMYxo8xaPISNTsAHBIDFimpKp1eauwa+PQKCAQEA1O1UcNe9WYhqnv2m\nD8iMx94A7Mz2BJV4Ns68M+uLehZQwvHiFsSt1Gv6UAfQuEdCBh60CP096gAAI8P+\nCiY3ion9tUJ8hscyZ8D55CdGrz6IetpwKrQAESCYZkYROvIYsqhVyvwrHJaiuWhd\n+h1Tit054JDdWYdlWQhiUyR9zvuMsRbTo0a072FCjR6CXoMAgTOyTTbGNNLc1UKg\nrNi/xLRAk8bcmiQHuMUrpvG+aYljBeMtQ82mxsA+0Pk6hETCboqkbLD4SOS/BEY6\nF1k2YLuXh4MUSTxhMvymBNvy18IH3Cw70iGEfAF34YhnwSiq2RbB6ST3Dh/RBfQ0\nXm4vowKCAQB8g7g12uil1Dld8OZnLHeICOcIEy2+zuHZWhg1qEXqJJghNSQxxAGe\nD08oA8XTtN9CWCdAOsFaL3Pq7+Q405GUL2w0LZwNbcawjIB36RjXD56Qh60gf9uL\n4Oi9LK0mdpOCNig6tvMXQEkzOiNey/llekM+xnXl8t+FQ1t5N0ZDIVSkityZ+Qn3\npFi3W272Aze/jt593wiKJBAMGYKCerE4/OH22VmemriLOxQ5dWFQpjl85pN9Xd2v\ni/PZFzKKi2388m1AZZyU1jUVx54H1SLPLQtBrZ+DmcQcU8gE4gS0iDo3+CO0mLnC\n/G/mjCz78hwNIE4NpF7u1hBScXJlgYGZAoIBADSG8uWX82syHqkvkeAad8NRwcP9\nYU2ALqAZG10sVsAbmcfpDM+MQ0/fWmco7Q+LIzC9kG415TU6sIfdX5AKr45Qm0yc\ncP6KgYoDjGRHkKehSGS9nmSBoCEGTwX0dbu0tTWZohK7mGzQbmxvqsk230+2Y2D+\naLGyrTdsQtxMmSnxmad0ObTb6nrmVqFV2OVuwJkBSsl3QU8HHaVLnkADgoMAPEy5\nslxmQtj5jrTDGzLRS2qQJovz79wAC47YxGUbaOLCALS/yLw3SvRdGtk7twumL6DC\n9FvwsdvR79xGqaR6p2EIoax3PKk4QBAzka1RUrtd8mm8yJhnG4Mr7gslIPY=\n-----END RSA PRIVATE KEY-----\n",
            "public_key_fingerprint_md5": "04:55:73:28:8f:3c:92:1a:95:13:fc:ca:4f:a6:63:42",
            "public_key_fingerprint_sha256": "SHA256:kjX5fZ4thSmafnCLxWEf3MfZLoLphy3LpU8Mc4DIgS0",
            "public_key_openssh": "ssh-rsa AAAAB3NzaC1yc2EAAAADAQABAAACAQDPw2YM/8fCOTvKh6AXAp2qpUpkEeg0oOYPvrRAhhOmt/VBqf//1Cch//ktnn8tzqs4w3NLT0fzqyG6ZJ5B1696/nUeVPe5ONwtB+Zq6emkh7sabt13cx7WoVjTfrOg2vRNIsnSqy5QAltqmiugjVLbCCVy/UQRhcyrQvwhvw9eKWksXpt2O0pm6gPTocknR37BXxWoE/D9urbKQWFiN/5LXB5RlC5sIgEF8z9oC5IcIV888YQ2RmExLDbeySsp9LEcJMWhRPhG9rBYf6lxFSQ4jqLG8P54mnQ4VT4R2JfQf/09/NJvks/LzZWGj4vst1VpKzxrFVQcSJZso3bJCDbWjxHB8V1IIVmfErNwk9cWk3cV5Cs29aliAbFOj//NcnSihlZZ/WaGJD0Xz1sxQ3hUnpeqKFchZhwkAxO4YJt7VC/jqwFfc8EErk/GSHdjZOmoLPZPbgZhssS61BnvDgLEFVFCoDWoKoRvii118MgaAa/dnPJfwvahg3D2TBn3dIlxQzwSzfTDtFXt6qTynJok13kptYHW9W9fLlvOjKCjDobIYNxzZ6Bamf4An20eEL5PN2t/cn6vAiu+zrMGFCWyqYYnFFBkbjXf9dkob5qW5+u8i7XVZ2GX6UGBkCoVMtxVGQweF4LY8F1iDPITgYkgsXK24p1aGw/W/qsXuGFuWw==\n",
            "public_key_pem": "-----BEGIN PUBLIC KEY-----\nMIICIjANBgkqhkiG9w0BAQEFAAOCAg8AMIICCgKCAgEAz8NmDP/Hwjk7yoegFwKd\nqqVKZBHoNKDmD760QIYTprf1Qan//9QnIf/5LZ5/Lc6rOMNzS09H86shumSeQdev\nev51HlT3uTjcLQfmaunppIe7Gm7dd3Me1qFY036zoNr0TSLJ0qsuUAJbaporoI1S\n2wglcv1EEYXMq0L8Ib8PXilpLF6bdjtKZuoD06HJJ0d+wV8VqBPw/bq2ykFhYjf+\nS1weUZQubCIBBfM/aAuSHCFfPPGENkZhMSw23skrKfSxHCTFoUT4RvawWH+pcRUk\nOI6ixvD+eJp0OFU+EdiX0H/9PfzSb5LPy82Vho+L7LdVaSs8axVUHEiWbKN2yQg2\n1o8RwfFdSCFZnxKzcJPXFpN3FeQrNvWpYgGxTo//zXJ0ooZWWf1mhiQ9F89bMUN4\nVJ6XqihXIWYcJAMTuGCbe1Qv46sBX3PBBK5Pxkh3Y2TpqCz2T24GYbLEutQZ7w4C\nxBVRQqA1qCqEb4otdfDIGgGv3ZzyX8L2oYNw9kwZ93SJcUM8Es30w7RV7eqk8pya\nJNd5KbWB1vVvXy5bzoygow6GyGDcc2egWpn+AJ9tHhC+Tzdrf3J+rwIrvs6zBhQl\nsqmGJxRQZG413/XZKG+alufrvIu11Wdhl+lBgZAqFTLcVRkMHheC2PBdYgzyE4GJ\nILFytuKdWhsP1v6rF7hhblsCAwEAAQ==\n-----END PUBLIC KEY-----\n",
            "rsa_bits": 4096
          },
          "sensitive_attributes": [],
          "private": "bnVsbA=="
        }
      ]
    }
  ]
}
