{
  "version": 4,
  "terraform_version": "1.2.3",
  "serial": 49,
  "lineage": "1d58e547-23cc-420e-3d24-2acdba888727",
  "outputs": {
    "virtual_network_id": {
      "value": "/subscriptions/765266c6-9a23-4638-af32-dd1e32613047/resourceGroups/devops-TP2/providers/Microsoft.Network/virtualNetworks/example-network",
      "type": "string"
    }
  },
  "resources": [
    {
      "mode": "data",
      "type": "azurerm_resource_group",
      "name": "tp4",
      "provider": "provider[\"registry.terraform.io/hashicorp/azurerm\"]",
      "instances": [
        {
          "schema_version": 0,
          "attributes": {
            "id": "/subscriptions/765266c6-9a23-4638-af32-dd1e32613047/resourceGroups/devops-TP2",
            "location": "francecentral",
            "name": "devops-TP2",
            "tags": {
              "billing": "devops"
            },
            "timeouts": null
          },
          "sensitive_attributes": []
        }
      ]
    },
    {
      "mode": "data",
      "type": "azurerm_subnet",
      "name": "tp4",
      "provider": "provider[\"registry.terraform.io/hashicorp/azurerm\"]",
      "instances": [
        {
          "schema_version": 0,
          "attributes": {
            "address_prefix": "10.3.1.0/24",
            "address_prefixes": [
              "10.3.1.0/24"
            ],
            "enforce_private_link_endpoint_network_policies": false,
            "enforce_private_link_service_network_policies": false,
            "id": "/subscriptions/765266c6-9a23-4638-af32-dd1e32613047/resourceGroups/devops-TP2/providers/Microsoft.Network/virtualNetworks/example-network/subnets/internal",
            "name": "internal",
            "network_security_group_id": "",
            "resource_group_name": "devops-TP2",
            "route_table_id": "",
            "service_endpoints": [],
            "timeouts": null,
            "virtual_network_name": "example-network"
          },
          "sensitive_attributes": []
        }
      ]
    },
    {
      "mode": "data",
      "type": "azurerm_virtual_network",
      "name": "tp4",
      "provider": "provider[\"registry.terraform.io/hashicorp/azurerm\"]",
      "instances": [
        {
          "schema_version": 0,
          "attributes": {
            "address_space": [
              "10.3.0.0/16"
            ],
            "dns_servers": [],
            "guid": "1dbb2c31-815e-40ec-a062-cbac4983cf93",
            "id": "/subscriptions/765266c6-9a23-4638-af32-dd1e32613047/resourceGroups/devops-TP2/providers/Microsoft.Network/virtualNetworks/example-network",
            "location": "francecentral",
            "name": "example-network",
            "resource_group_name": "devops-TP2",
            "subnets": [
              "internal"
            ],
            "tags": {},
            "timeouts": null,
            "vnet_peerings": {},
            "vnet_peerings_addresses": []
          },
          "sensitive_attributes": []
        }
      ]
    },
    {
      "mode": "managed",
      "type": "azurerm_linux_virtual_machine",
      "name": "devops-20180476",
      "provider": "provider[\"registry.terraform.io/hashicorp/azurerm\"]",
      "instances": [
        {
          "schema_version": 0,
          "attributes": {
            "additional_capabilities": [],
            "admin_password": null,
            "admin_ssh_key": [
              {
                "public_key": "ssh-rsa AAAAB3NzaC1yc2EAAAADAQABAAACAQClMVd0eBGdZ9ur5L3Uic71mibrkAbXTjkS8AHQzpzLzij4QYgxXaNpVZbMt2LxHtLfQzZ5z+NDcsq34ZR2mQwXPFARHmJrEE3fGfEWHzvtqmnraObapqukSaFYzQnvCpDdcUp/lET5BBsNO5Q+RPyLLSh/QdUPxUCUQh9lJFxENItM5Ktm4BdsCOWWlgwEk8PQ9wFmlTIK3sfAYH9FTzhvlb0gvw5gMr+v0grRvtbifCklZ9O1sgcjQA+FZrvEfT5mgZRCxnTsG7ibOa8sRu7nomu3JwoB+oAdt1DFufF7w6tHcq7T/mwdYLZv0/Z4Rj40usnvDPrV1nqD3eTZpg9tQrUUrIEOhMlIx3KIaVNKxCgavcKH/D3eDd+8rMgGZk8jKq2zzRLvPqFy5LiZqnj99aaUFGjN854Go053rDfZ2Xm8WPndaqgY3e70bIBPlTOYJBm0iErTr7oBInrwtTI9njIPnpmrUsSh6+6Ci/EJ3cvu5nEcjB2/4BGtjWN0bHnVqX11s/eTw7PG/5kXIKgAOC5iXreM19BzXyq0GOEZE29o9hb3bl94ZviJ5RL7PDSx1HYobY9GpnK2QUSrywCVO1OCd8PnFdpcsjkvQdIqCMZgD27tx/347hMeuOlNX6scVV/Nz2PBSM/+NNknVEgW6h4IF/l9hwMR0Az3E9hEvw==\n",
                "username": "devops"
              }
            ],
            "admin_username": "devops",
            "allow_extension_operations": true,
            "availability_set_id": "",
            "boot_diagnostics": [],
            "computer_name": "mynewvm",
            "custom_data": null,
            "dedicated_host_group_id": "",
            "dedicated_host_id": "",
            "disable_password_authentication": true,
            "edge_zone": "",
            "encryption_at_host_enabled": false,
            "eviction_policy": "",
            "extensions_time_budget": "PT1H30M",
            "id": "/subscriptions/765266c6-9a23-4638-af32-dd1e32613047/resourceGroups/devops-TP2/providers/Microsoft.Compute/virtualMachines/devops-20180476",
            "identity": [],
            "license_type": "",
            "location": "francecentral",
            "max_bid_price": -1,
            "name": "devops-20180476",
            "network_interface_ids": [
              "/subscriptions/765266c6-9a23-4638-af32-dd1e32613047/resourceGroups/devops-TP2/providers/Microsoft.Network/networkInterfaces/NIC_20180476"
            ],
            "os_disk": [
              {
                "caching": "ReadWrite",
                "diff_disk_settings": [],
                "disk_encryption_set_id": "",
                "disk_size_gb": 30,
                "name": "mynewOsDisk",
                "storage_account_type": "Standard_LRS",
                "write_accelerator_enabled": false
              }
            ],
            "patch_mode": "ImageDefault",
            "plan": [],
            "platform_fault_domain": -1,
            "priority": "Regular",
            "private_ip_address": "10.3.1.9",
            "private_ip_addresses": [
              "10.3.1.9"
            ],
            "provision_vm_agent": true,
            "proximity_placement_group_id": "",
            "public_ip_address": "20.216.147.130",
            "public_ip_addresses": [
              "20.216.147.130"
            ],
            "resource_group_name": "devops-TP2",
            "secret": [],
            "secure_boot_enabled": false,
            "size": "Standard_D2s_v3",
            "source_image_id": "",
            "source_image_reference": [
              {
                "offer": "UbuntuServer",
                "publisher": "Canonical",
                "sku": "16.04-LTS",
                "version": "latest"
              }
            ],
            "tags": null,
            "termination_notification": null,
            "timeouts": null,
            "user_data": "",
            "virtual_machine_id": "fd44ba7d-613e-4787-97e2-6de979b1aa9e",
            "virtual_machine_scale_set_id": "",
            "vtpm_enabled": false,
            "zone": ""
          },
          "sensitive_attributes": [],
          "private": "eyJlMmJmYjczMC1lY2FhLTExZTYtOGY4OC0zNDM2M2JjN2M0YzAiOnsiY3JlYXRlIjoyNzAwMDAwMDAwMDAwLCJkZWxldGUiOjI3MDAwMDAwMDAwMDAsInJlYWQiOjMwMDAwMDAwMDAwMCwidXBkYXRlIjoyNzAwMDAwMDAwMDAwfX0=",
          "dependencies": [
            "azurerm_network_interface.NetworkInterface_20180476",
            "azurerm_public_ip.PlublicIP_20180776",
            "data.azurerm_resource_group.tp4",
            "data.azurerm_subnet.tp4",
            "tls_private_key.ssh_20180476"
          ]
        }
      ]
    },
    {
      "mode": "managed",
      "type": "azurerm_network_interface",
      "name": "NetworkInterface_20180476",
      "provider": "provider[\"registry.terraform.io/hashicorp/azurerm\"]",
      "instances": [
        {
          "schema_version": 0,
          "attributes": {
            "applied_dns_servers": [],
            "dns_servers": [],
            "edge_zone": "",
            "enable_accelerated_networking": false,
            "enable_ip_forwarding": false,
            "id": "/subscriptions/765266c6-9a23-4638-af32-dd1e32613047/resourceGroups/devops-TP2/providers/Microsoft.Network/networkInterfaces/NIC_20180476",
            "internal_dns_name_label": "",
            "internal_domain_name_suffix": "gewlwhk4qhwebidczoweta4psd.parx.internal.cloudapp.net",
            "ip_configuration": [
              {
                "gateway_load_balancer_frontend_ip_configuration_id": "",
                "name": "NicConfiguration_20180476",
                "primary": true,
                "private_ip_address": "10.3.1.9",
                "private_ip_address_allocation": "Dynamic",
                "private_ip_address_version": "IPv4",
                "public_ip_address_id": "/subscriptions/765266c6-9a23-4638-af32-dd1e32613047/resourceGroups/devops-TP2/providers/Microsoft.Network/publicIPAddresses/PublicIP_20180476",
                "subnet_id": "/subscriptions/765266c6-9a23-4638-af32-dd1e32613047/resourceGroups/devops-TP2/providers/Microsoft.Network/virtualNetworks/example-network/subnets/internal"
              }
            ],
            "location": "francecentral",
            "mac_address": "",
            "name": "NIC_20180476",
            "private_ip_address": "10.3.1.9",
            "private_ip_addresses": [
              "10.3.1.9"
            ],
            "resource_group_name": "devops-TP2",
            "tags": null,
            "timeouts": null,
            "virtual_machine_id": ""
          },
          "sensitive_attributes": [],
          "private": "eyJlMmJmYjczMC1lY2FhLTExZTYtOGY4OC0zNDM2M2JjN2M0YzAiOnsiY3JlYXRlIjoxODAwMDAwMDAwMDAwLCJkZWxldGUiOjE4MDAwMDAwMDAwMDAsInJlYWQiOjMwMDAwMDAwMDAwMCwidXBkYXRlIjoxODAwMDAwMDAwMDAwfX0=",
          "dependencies": [
            "azurerm_public_ip.PlublicIP_20180776",
            "data.azurerm_resource_group.tp4",
            "data.azurerm_subnet.tp4"
          ]
        }
      ]
    },
    {
      "mode": "managed",
      "type": "azurerm_network_interface_security_group_association",
      "name": "NetWorkInterfaceSecurityGroupAssociation_20180476",
      "provider": "provider[\"registry.terraform.io/hashicorp/azurerm\"]",
      "instances": [
        {
          "schema_version": 0,
          "attributes": {
            "id": "/subscriptions/765266c6-9a23-4638-af32-dd1e32613047/resourceGroups/devops-TP2/providers/Microsoft.Network/networkInterfaces/NIC_20180476|/subscriptions/765266c6-9a23-4638-af32-dd1e32613047/resourceGroups/devops-TP2/providers/Microsoft.Network/networkSecurityGroups/NetworkSecurityGroup_20180476",
            "network_interface_id": "/subscriptions/765266c6-9a23-4638-af32-dd1e32613047/resourceGroups/devops-TP2/providers/Microsoft.Network/networkInterfaces/NIC_20180476",
            "network_security_group_id": "/subscriptions/765266c6-9a23-4638-af32-dd1e32613047/resourceGroups/devops-TP2/providers/Microsoft.Network/networkSecurityGroups/NetworkSecurityGroup_20180476",
            "timeouts": null
          },
          "sensitive_attributes": [],
          "private": "eyJlMmJmYjczMC1lY2FhLTExZTYtOGY4OC0zNDM2M2JjN2M0YzAiOnsiY3JlYXRlIjoxODAwMDAwMDAwMDAwLCJkZWxldGUiOjE4MDAwMDAwMDAwMDAsInJlYWQiOjMwMDAwMDAwMDAwMCwidXBkYXRlIjoxODAwMDAwMDAwMDAwfX0=",
          "dependencies": [
            "azurerm_network_interface.NetworkInterface_20180476",
            "azurerm_network_security_group.NSG_20180476",
            "azurerm_public_ip.PlublicIP_20180776",
            "data.azurerm_resource_group.tp4",
            "data.azurerm_subnet.tp4"
          ]
        }
      ]
    },
    {
      "mode": "managed",
      "type": "azurerm_network_security_group",
      "name": "NSG_20180476",
      "provider": "provider[\"registry.terraform.io/hashicorp/azurerm\"]",
      "instances": [
        {
          "schema_version": 0,
          "attributes": {
            "id": "/subscriptions/765266c6-9a23-4638-af32-dd1e32613047/resourceGroups/devops-TP2/providers/Microsoft.Network/networkSecurityGroups/NetworkSecurityGroup_20180476",
            "location": "francecentral",
            "name": "NetworkSecurityGroup_20180476",
            "resource_group_name": "devops-TP2",
            "security_rule": [
              {
                "access": "Allow",
                "description": "",
                "destination_address_prefix": "*",
                "destination_address_prefixes": [],
                "destination_application_security_group_ids": [],
                "destination_port_range": "22",
                "destination_port_ranges": [],
                "direction": "Inbound",
                "name": "SSH",
                "priority": 1001,
                "protocol": "Tcp",
                "source_address_prefix": "*",
                "source_address_prefixes": [],
                "source_application_security_group_ids": [],
                "source_port_range": "*",
                "source_port_ranges": []
              }
            ],
            "tags": null,
            "timeouts": null
          },
          "sensitive_attributes": [],
          "private": "eyJlMmJmYjczMC1lY2FhLTExZTYtOGY4OC0zNDM2M2JjN2M0YzAiOnsiY3JlYXRlIjoxODAwMDAwMDAwMDAwLCJkZWxldGUiOjE4MDAwMDAwMDAwMDAsInJlYWQiOjMwMDAwMDAwMDAwMCwidXBkYXRlIjoxODAwMDAwMDAwMDAwfX0="
        }
      ]
    },
    {
      "mode": "managed",
      "type": "azurerm_public_ip",
      "name": "PlublicIP_20180776",
      "provider": "provider[\"registry.terraform.io/hashicorp/azurerm\"]",
      "instances": [
        {
          "schema_version": 0,
          "attributes": {
            "allocation_method": "Dynamic",
            "domain_name_label": null,
            "edge_zone": "",
            "fqdn": null,
            "id": "/subscriptions/765266c6-9a23-4638-af32-dd1e32613047/resourceGroups/devops-TP2/providers/Microsoft.Network/publicIPAddresses/PublicIP_20180476",
            "idle_timeout_in_minutes": 4,
            "ip_address": "",
            "ip_tags": null,
            "ip_version": "IPv4",
            "location": "francecentral",
            "name": "PublicIP_20180476",
            "public_ip_prefix_id": null,
            "resource_group_name": "devops-TP2",
            "reverse_fqdn": null,
            "sku": "Basic",
            "sku_tier": "Regional",
            "tags": null,
            "timeouts": null,
            "zones": null
          },
          "sensitive_attributes": [],
          "private": "eyJlMmJmYjczMC1lY2FhLTExZTYtOGY4OC0zNDM2M2JjN2M0YzAiOnsiY3JlYXRlIjoxODAwMDAwMDAwMDAwLCJkZWxldGUiOjE4MDAwMDAwMDAwMDAsInJlYWQiOjMwMDAwMDAwMDAwMCwidXBkYXRlIjoxODAwMDAwMDAwMDAwfX0="
        }
      ]
    },
    {
      "mode": "managed",
      "type": "random_id",
      "name": "randomId",
      "provider": "provider[\"registry.terraform.io/hashicorp/random\"]",
      "instances": [
        {
          "schema_version": 0,
          "attributes": {
            "b64_std": "ZFn87HTHeI4=",
            "b64_url": "ZFn87HTHeI4",
            "byte_length": 8,
            "dec": "7231088769221752974",
            "hex": "6459fcec74c7788e",
            "id": "ZFn87HTHeI4",
            "keepers": {
              "resource_group": "devops-TP2"
            },
            "prefix": null
          },
          "sensitive_attributes": [],
          "private": "bnVsbA==",
          "dependencies": [
            "data.azurerm_resource_group.tp4"
          ]
        }
      ]
    },
    {
      "mode": "managed",
      "type": "tls_private_key",
      "name": "ssh_20180476",
      "provider": "provider[\"registry.terraform.io/hashicorp/tls\"]",
      "instances": [
        {
          "schema_version": 0,
          "attributes": {
            "algorithm": "RSA",
            "ecdsa_curve": "P224",
            "id": "d0a4b3cbe45ed888e292a49d9d7c9756c077428f",
            "private_key_openssh": "-----BEGIN OPENSSH PRIVATE KEY-----\nb3BlbnNzaC1rZXktdjEAAAAABG5vbmUAAAAEbm9uZQAAAAAAAAABAAACFwAAAAdz\nc2gtcnNhAAAAAwEAAQAAAgEApTFXdHgRnWfbq+S91InO9Zom65AG1045EvAB0M6c\ny84o+EGIMV2jaVWWzLdi8R7S30M2ec/jQ3LKt+GUdpkMFzxQER5iaxBN3xnxFh87\n7app62jm2qarpEmhWM0J7wqQ3XFKf5RE+QQbDTuUPkT8iy0of0HVD8VAlEIfZSRc\nRDSLTOSrZuAXbAjllpYMBJPD0PcBZpUyCt7HwGB/RU84b5W9IL8OYDK/r9IK0b7W\n4nwpJWfTtbIHI0APhWa7xH0+ZoGUQsZ07Bu4mzmvLEbu56JrtycKAfqAHbdQxbnx\ne8OrR3Ku0/5sHWC2b9P2eEY+NLrJ7wz61dZ6g93k2aYPbUK1FKyBDoTJSMdyiGlT\nSsQoGr3Ch/w93g3fvKzIBmZPIyqts80S7z6hcuS4map4/fWmlBRozfOeBqNOd6w3\n2dl5vFj53WqoGN3u9GyAT5UzmCQZtIhK06+6ASJ68LUyPZ4yD56Zq1LEoevugovx\nCd3L7uZxHIwdv+ARrY1jdGx51al9dbP3k8Ozxv+ZFyCoADguYl63jNfQc18qtBjh\nGRNvaPYW925feGb4ieUS+zw0sdR2KG2PRqZytkFEq8sAlTtTgnfD5xXaXLI5L0HS\nKgjGYA9u7cf9+O4THrjpTV+rHFVfzc9jwUjP/jTZJ1RIFuoeCBf5fYcDEdAM9xPY\nRL8AAAc4i1F+sYtRfrEAAAAHc3NoLXJzYQAAAgEApTFXdHgRnWfbq+S91InO9Zom\n65AG1045EvAB0M6cy84o+EGIMV2jaVWWzLdi8R7S30M2ec/jQ3LKt+GUdpkMFzxQ\nER5iaxBN3xnxFh877app62jm2qarpEmhWM0J7wqQ3XFKf5RE+QQbDTuUPkT8iy0o\nf0HVD8VAlEIfZSRcRDSLTOSrZuAXbAjllpYMBJPD0PcBZpUyCt7HwGB/RU84b5W9\nIL8OYDK/r9IK0b7W4nwpJWfTtbIHI0APhWa7xH0+ZoGUQsZ07Bu4mzmvLEbu56Jr\ntycKAfqAHbdQxbnxe8OrR3Ku0/5sHWC2b9P2eEY+NLrJ7wz61dZ6g93k2aYPbUK1\nFKyBDoTJSMdyiGlTSsQoGr3Ch/w93g3fvKzIBmZPIyqts80S7z6hcuS4map4/fWm\nlBRozfOeBqNOd6w32dl5vFj53WqoGN3u9GyAT5UzmCQZtIhK06+6ASJ68LUyPZ4y\nD56Zq1LEoevugovxCd3L7uZxHIwdv+ARrY1jdGx51al9dbP3k8Ozxv+ZFyCoADgu\nYl63jNfQc18qtBjhGRNvaPYW925feGb4ieUS+zw0sdR2KG2PRqZytkFEq8sAlTtT\ngnfD5xXaXLI5L0HSKgjGYA9u7cf9+O4THrjpTV+rHFVfzc9jwUjP/jTZJ1RIFuoe\nCBf5fYcDEdAM9xPYRL8AAAADAQABAAACAFZxrpk1J8qeCbc2+RuajeG6LDnC4cGT\nnoxJajnRlP2VwZy/9jwXCydY8ZPpN26EOcc5je1Km1u1W13EPwOc7VXPavq6UrhC\nDO39zkpMR/kD32+gMoYjB9jt6u/kRBmCBvLKkTiX50wEGP/guJ+pTBqso++MDKm3\nCCdNPs6Xq2zJrkertgIcrEUNls8pb9qJVMQqLeJ3mntTv2XtWUx0u0yxKApV0HkI\ntYSVPrIp0pssa/+2CHShV9jbcgPWEdYt0BSmJGaZIaBYlU8tbXyXFffC5+ktFbCZ\nXKewQSVnO3YPm7bEzbYEAqGQ9YcpfWXNJEpFoNxmh3CVTwFogZRfsNwd/QSiwDNp\nhB6oRwUpPdUuE90rDqJf4Ddt73VZrZAHIbXrDtFCpYbOPTftIAAVbeGakTd+S3Kc\n/SHu7mOO/LmfrpvGA63OLBhQ8jQLNzUgBtzUacZfzzRmdoa/35TCfpix5Ku1/aHc\njXf6QB5YnlcftdElGNV/ktvi3ClS7MeTxwEtdf71Y7g901AoObWjQpP4fhCi+0aV\ndtnBMVTm3iy+PrC27kNLjVeI0a+hNOnFYjS1Hu8ZG8HiaYcMKvHDFMm/HEM8Hi6t\ngnImkC0Ly8xeNFToFcscLwS96yQhKVbqQdAGxKuJUSYYtGNK1jAR0M/bjs/HBPRW\n3rb0wCcDMhfRAAABAAcgZRp1Kc/cCHQ3aDW48wGkdnOnJu2fqv6lVOl/bco/+az7\n/8BbkisOH6zFbAxRDYnF3LDyMIsRYguDpLMTeRNy2SzycsU10UumTBjS980VjzHO\nsdEWHAoB7YAGiZgHA/yE9NqzU+XXJUzAwHlAQu2qqO/oUXmJP7phJKIlZIzV0Rfd\nSgcxk44fDKbN7aWftmc7N0MQXDUOwA/Z+2U94zT8T3MOEigbRQqBwQUIU9VHoUNT\nsvX/BLAsQIeUYt2v/cTXYoTFThRaV7ySXdz06iWMhuCDdHQG9dU0qa160ktFd7di\nSBCY4sgHgmOKBv7m1Mwr36X2zp9EzVkoQ4l8zIoAAAEBAM5CCrq2gAdeC/keYdja\nROtNPKyJJdde4neFF/4kqIiUKvewnKDrErFrb/20FCgplmArrNLAvH1wWUrAQuEO\nYOzl+iqQlfwO8TAOdDd3iL9a2yrI/Gwdknaxd3e5oD1yaoK/K40TwBf4HsHTYK1U\nzbGzXJgNqjRVOkxU0O/y5oNMclM1tFMA2eb6zb9fRlm0KzddbpnBlqk4Yi+TP0sY\nRkRk6aAPkzTrITQr4AN6Kzo8u3RFYzmb8XN7E0PjzyPXAGGYTgDyI+aDEoOK5lvp\nK3DQV2Rxx2MNVUFB/LHIelh4me0tC3DN9HHhrwJ3Iqrfr9JhxXS0EF2bFVMw8w/s\nhskAAAEBAM0IA3lwouKsPu4wsqEFm9t1tGpHYkJ4rXI/mMSAs/sGCJuyeqDBSz8f\nhs6+QVic6OfRA9mGcM/O7dFNGnhvys7pM/H/Gm+ubtyb9eRB6n/p6leJeXZgDr3r\nZOpjhhfdAKU2q0mUfa9Ea6NUwyrmu+/N8tMf+/VDIfLWQzkuZh7BEaP2q9kMx4LO\niBrw4SeiCGG+jvGuoBJhwpzbw7f1D9Yotu+AjGhydXlNKBoKX1G2rQpm6s87LC/j\nidYP6ItBZwSynE1OLV1FH5TgdwtzdHmqELoEdsBZ4GDGhJD9P0xfy5fxxRB2aIIk\n0t0vcD/pL2lCXhvjDf0j9G4OZXayS0cAAAAAAQID\n-----END OPENSSH PRIVATE KEY-----\n",
            "private_key_pem": "-----BEGIN RSA PRIVATE KEY-----\nMIIJJwIBAAKCAgEApTFXdHgRnWfbq+S91InO9Zom65AG1045EvAB0M6cy84o+EGI\nMV2jaVWWzLdi8R7S30M2ec/jQ3LKt+GUdpkMFzxQER5iaxBN3xnxFh877app62jm\n2qarpEmhWM0J7wqQ3XFKf5RE+QQbDTuUPkT8iy0of0HVD8VAlEIfZSRcRDSLTOSr\nZuAXbAjllpYMBJPD0PcBZpUyCt7HwGB/RU84b5W9IL8OYDK/r9IK0b7W4nwpJWfT\ntbIHI0APhWa7xH0+ZoGUQsZ07Bu4mzmvLEbu56JrtycKAfqAHbdQxbnxe8OrR3Ku\n0/5sHWC2b9P2eEY+NLrJ7wz61dZ6g93k2aYPbUK1FKyBDoTJSMdyiGlTSsQoGr3C\nh/w93g3fvKzIBmZPIyqts80S7z6hcuS4map4/fWmlBRozfOeBqNOd6w32dl5vFj5\n3WqoGN3u9GyAT5UzmCQZtIhK06+6ASJ68LUyPZ4yD56Zq1LEoevugovxCd3L7uZx\nHIwdv+ARrY1jdGx51al9dbP3k8Ozxv+ZFyCoADguYl63jNfQc18qtBjhGRNvaPYW\n925feGb4ieUS+zw0sdR2KG2PRqZytkFEq8sAlTtTgnfD5xXaXLI5L0HSKgjGYA9u\n7cf9+O4THrjpTV+rHFVfzc9jwUjP/jTZJ1RIFuoeCBf5fYcDEdAM9xPYRL8CAwEA\nAQKCAgBWca6ZNSfKngm3Nvkbmo3huiw5wuHBk56MSWo50ZT9lcGcv/Y8FwsnWPGT\n6TduhDnHOY3tSptbtVtdxD8DnO1Vz2r6ulK4Qgzt/c5KTEf5A99voDKGIwfY7erv\n5EQZggbyypE4l+dMBBj/4LifqUwarKPvjAyptwgnTT7Ol6tsya5Hq7YCHKxFDZbP\nKW/aiVTEKi3id5p7U79l7VlMdLtMsSgKVdB5CLWElT6yKdKbLGv/tgh0oVfY23ID\n1hHWLdAUpiRmmSGgWJVPLW18lxX3wufpLRWwmVynsEElZzt2D5u2xM22BAKhkPWH\nKX1lzSRKRaDcZodwlU8BaIGUX7DcHf0EosAzaYQeqEcFKT3VLhPdKw6iX+A3be91\nWa2QByG16w7RQqWGzj037SAAFW3hmpE3fktynP0h7u5jjvy5n66bxgOtziwYUPI0\nCzc1IAbc1GnGX880ZnaGv9+Uwn6YseSrtf2h3I13+kAeWJ5XH7XRJRjVf5Lb4twp\nUuzHk8cBLXX+9WO4PdNQKDm1o0KT+H4QovtGlXbZwTFU5t4svj6wtu5DS41XiNGv\noTTpxWI0tR7vGRvB4mmHDCrxwxTJvxxDPB4urYJyJpAtC8vMXjRU6BXLHC8Evesk\nISlW6kHQBsSriVEmGLRjStYwEdDP247PxwT0Vt629MAnAzIX0QKCAQEAzkIKuraA\nB14L+R5h2NpE6008rIkl117id4UX/iSoiJQq97CcoOsSsWtv/bQUKCmWYCus0sC8\nfXBZSsBC4Q5g7OX6KpCV/A7xMA50N3eIv1rbKsj8bB2SdrF3d7mgPXJqgr8rjRPA\nF/gewdNgrVTNsbNcmA2qNFU6TFTQ7/Lmg0xyUzW0UwDZ5vrNv19GWbQrN11umcGW\nqThiL5M/SxhGRGTpoA+TNOshNCvgA3orOjy7dEVjOZvxc3sTQ+PPI9cAYZhOAPIj\n5oMSg4rmW+krcNBXZHHHYw1VQUH8sch6WHiZ7S0LcM30ceGvAnciqt+v0mHFdLQQ\nXZsVUzDzD+yGyQKCAQEAzQgDeXCi4qw+7jCyoQWb23W0akdiQnitcj+YxICz+wYI\nm7J6oMFLPx+Gzr5BWJzo59ED2YZwz87t0U0aeG/Kzukz8f8ab65u3Jv15EHqf+nq\nV4l5dmAOvetk6mOGF90ApTarSZR9r0Rro1TDKua7783y0x/79UMh8tZDOS5mHsER\no/ar2QzHgs6IGvDhJ6IIYb6O8a6gEmHCnNvDt/UP1ii274CMaHJ1eU0oGgpfUbat\nCmbqzzssL+OJ1g/oi0FnBLKcTU4tXUUflOB3C3N0eaoQugR2wFngYMaEkP0/TF/L\nl/HFEHZogiTS3S9wP+kvaUJeG+MN/SP0bg5ldrJLRwKCAQBNy60eVZ2eqcNcWDBR\nyan7EmvTK/ug60ICEKpHCm6i7TfzqqK5M1EeqEZaa+S6bU0xwudxqo6txYV4Y2IW\nXwUB9ZBRI63en4grNxhwn15txogp8Br9cH4A1NkZyGL/KjuwSwjTMmLe55A6TU8G\nsZjP8LX5CBZtnMPbbJZOGtEFLv1kEzqLoCOQMoMOLpJrXUB7pnsD9XetJf4qsaBK\n48IFJAbWf2lnqVQhyHa6+QZ69dNCfLV7Ui1VAFP45GEJxJt5NCgfxTTzSfbetLJE\ncoMXDw4Xba7l1m6UqZ31NIeo/PwZ8EaDartLhPMsu+DQkIRRlt0SMqSFmewGL81N\n8Um5AoIBAHJAjO8XPS1jHo5MxL3GClv481hl/vNbnAuWNOMLdT/k1NcuVfdOv0el\nodGDY5almYPUjXih2ity/EMt3BpQ8YrrmO65YVnqsgxtPFC+CpbNGrE9AlpcnNpo\nWgvi+c5CcSGfnUObY45PakvR6A/4E7JF6ZKMuDKr/jb7/unWWUG6BMKBqrGA1Yym\n2mFo6Y7UVCdjsPQsgza7E1+ldyMDhJeqiIZd8+AgKCY4QKiCLyuxyCuLvj1MlAr7\nmMuYgdVX1Lhhb4gEkHLxGfA0RSI0bCuAAWInKqV1b/t9pFHHTYaZuzIon8/Uq9gZ\n/QcUcFCs+KaHPTn9BMaTSpopm5DROfECggEAByBlGnUpz9wIdDdoNbjzAaR2c6cm\n7Z+q/qVU6X9tyj/5rPv/wFuSKw4frMVsDFENicXcsPIwixFiC4OksxN5E3LZLPJy\nxTXRS6ZMGNL3zRWPMc6x0RYcCgHtgAaJmAcD/IT02rNT5dclTMDAeUBC7aqo7+hR\neYk/umEkoiVkjNXRF91KBzGTjh8Mps3tpZ+2Zzs3QxBcNQ7AD9n7ZT3jNPxPcw4S\nKBtFCoHBBQhT1UehQ1Oy9f8EsCxAh5Ri3a/9xNdihMVOFFpXvJJd3PTqJYyG4IN0\ndAb11TSprXrSS0V3t2JIEJjiyAeCY4oG/ubUzCvfpfbOn0TNWShDiXzMig==\n-----END RSA PRIVATE KEY-----\n",
            "public_key_fingerprint_md5": "b9:d1:db:77:bc:7e:11:c1:98:fe:1f:27:ac:7f:9b:81",
            "public_key_fingerprint_sha256": "SHA256:mTlkj2kSVov0jDySeetB8PbCA1Fkzzj5tbznjaSKxTo",
            "public_key_openssh": "ssh-rsa AAAAB3NzaC1yc2EAAAADAQABAAACAQClMVd0eBGdZ9ur5L3Uic71mibrkAbXTjkS8AHQzpzLzij4QYgxXaNpVZbMt2LxHtLfQzZ5z+NDcsq34ZR2mQwXPFARHmJrEE3fGfEWHzvtqmnraObapqukSaFYzQnvCpDdcUp/lET5BBsNO5Q+RPyLLSh/QdUPxUCUQh9lJFxENItM5Ktm4BdsCOWWlgwEk8PQ9wFmlTIK3sfAYH9FTzhvlb0gvw5gMr+v0grRvtbifCklZ9O1sgcjQA+FZrvEfT5mgZRCxnTsG7ibOa8sRu7nomu3JwoB+oAdt1DFufF7w6tHcq7T/mwdYLZv0/Z4Rj40usnvDPrV1nqD3eTZpg9tQrUUrIEOhMlIx3KIaVNKxCgavcKH/D3eDd+8rMgGZk8jKq2zzRLvPqFy5LiZqnj99aaUFGjN854Go053rDfZ2Xm8WPndaqgY3e70bIBPlTOYJBm0iErTr7oBInrwtTI9njIPnpmrUsSh6+6Ci/EJ3cvu5nEcjB2/4BGtjWN0bHnVqX11s/eTw7PG/5kXIKgAOC5iXreM19BzXyq0GOEZE29o9hb3bl94ZviJ5RL7PDSx1HYobY9GpnK2QUSrywCVO1OCd8PnFdpcsjkvQdIqCMZgD27tx/347hMeuOlNX6scVV/Nz2PBSM/+NNknVEgW6h4IF/l9hwMR0Az3E9hEvw==\n",
            "public_key_pem": "-----BEGIN PUBLIC KEY-----\nMIICIjANBgkqhkiG9w0BAQEFAAOCAg8AMIICCgKCAgEApTFXdHgRnWfbq+S91InO\n9Zom65AG1045EvAB0M6cy84o+EGIMV2jaVWWzLdi8R7S30M2ec/jQ3LKt+GUdpkM\nFzxQER5iaxBN3xnxFh877app62jm2qarpEmhWM0J7wqQ3XFKf5RE+QQbDTuUPkT8\niy0of0HVD8VAlEIfZSRcRDSLTOSrZuAXbAjllpYMBJPD0PcBZpUyCt7HwGB/RU84\nb5W9IL8OYDK/r9IK0b7W4nwpJWfTtbIHI0APhWa7xH0+ZoGUQsZ07Bu4mzmvLEbu\n56JrtycKAfqAHbdQxbnxe8OrR3Ku0/5sHWC2b9P2eEY+NLrJ7wz61dZ6g93k2aYP\nbUK1FKyBDoTJSMdyiGlTSsQoGr3Ch/w93g3fvKzIBmZPIyqts80S7z6hcuS4map4\n/fWmlBRozfOeBqNOd6w32dl5vFj53WqoGN3u9GyAT5UzmCQZtIhK06+6ASJ68LUy\nPZ4yD56Zq1LEoevugovxCd3L7uZxHIwdv+ARrY1jdGx51al9dbP3k8Ozxv+ZFyCo\nADguYl63jNfQc18qtBjhGRNvaPYW925feGb4ieUS+zw0sdR2KG2PRqZytkFEq8sA\nlTtTgnfD5xXaXLI5L0HSKgjGYA9u7cf9+O4THrjpTV+rHFVfzc9jwUjP/jTZJ1RI\nFuoeCBf5fYcDEdAM9xPYRL8CAwEAAQ==\n-----END PUBLIC KEY-----\n",
            "rsa_bits": 4096
          },
          "sensitive_attributes": [],
          "private": "bnVsbA=="
        }
      ]
    }
  ]
}
